
Microsoft Visual Studio Solution File, Format Version 12.00
# Visual Studio 2013
VisualStudioVersion = 12.0.40629.0
MinimumVisualStudioVersion = 10.0.40219.1
Project("{2150E333-8FDC-42A3-9474-1A3956D46DE8}") = "0 - Presentation", "0 - Presentation", "{3AF5060A-B13B-4895-82B2-8A3187771BC9}"
EndProject
Project("{2150E333-8FDC-42A3-9474-1A3956D46DE8}") = "1 - Services", "1 - Services", "{B5B74E39-2C2A-4EA0-8FB2-533A75D87B11}"
EndProject
Project("{2150E333-8FDC-42A3-9474-1A3956D46DE8}") = "2 - Application", "2 - Application", "{F5AFEAC3-CEAB-4B07-887F-729639B8D192}"
EndProject
Project("{2150E333-8FDC-42A3-9474-1A3956D46DE8}") = "3 - Domain", "3 - Domain", "{A77B2F31-C275-42A8-AFF7-26650F2224BB}"
EndProject
Project("{2150E333-8FDC-42A3-9474-1A3956D46DE8}") = "4 - Infra", "4 - Infra", "{8ABD7673-18A1-46B1-B3FD-4C30E3048324}"
EndProject
Project("{2150E333-8FDC-42A3-9474-1A3956D46DE8}") = "4.1 - Data", "4.1 - Data", "{56CCE814-2A1E-4477-B27E-376990E810BC}"
EndProject
Project("{2150E333-8FDC-42A3-9474-1A3956D46DE8}") = "4.2 - CrossCutting", "4.2 - CrossCutting", "{619877C0-0028-41E9-B392-82C18C0D3BD7}"
EndProject
Project("{FAE04EC0-301F-11D3-BF4B-00C04F79EFBC}") = "Domain", "Domain\Domain.csproj", "{A1A67BB1-E893-47DD-A35D-3ED29911461C}"
EndProject
Project("{FAE04EC0-301F-11D3-BF4B-00C04F79EFBC}") = "Infra.Data", "Infra.Data\Infra.Data.csproj", "{6310899E-E31A-48B8-973B-C716DAD4A608}"
EndProject
Project("{FAE04EC0-301F-11D3-BF4B-00C04F79EFBC}") = "Application", "Application\Application.csproj", "{DF993680-CDCC-4DC0-9CF9-DB2F47FFB84C}"
EndProject
Project("{FAE04EC0-301F-11D3-BF4B-00C04F79EFBC}") = "MVC", "MVC\MVC.csproj", "{7D8D8B95-3345-4627-A0EA-2DEAAB1AA031}"
EndProject
Global
	GlobalSection(SolutionConfigurationPlatforms) = preSolution
		Debug|Any CPU = Debug|Any CPU
		Release|Any CPU = Release|Any CPU
	EndGlobalSection
	GlobalSection(ProjectConfigurationPlatforms) = postSolution
		{A1A67BB1-E893-47DD-A35D-3ED29911461C}.Debug|Any CPU.ActiveCfg = Debug|Any CPU
		{A1A67BB1-E893-47DD-A35D-3ED29911461C}.Debug|Any CPU.Build.0 = Debug|Any CPU
		{A1A67BB1-E893-47DD-A35D-3ED29911461C}.Release|Any CPU.ActiveCfg = Release|Any CPU
		{A1A67BB1-E893-47DD-A35D-3ED29911461C}.Release|Any CPU.Build.0 = Release|Any CPU
		{6310899E-E31A-48B8-973B-C716DAD4A608}.Debug|Any CPU.ActiveCfg = Debug|Any CPU
		{6310899E-E31A-48B8-973B-C716DAD4A608}.Debug|Any CPU.Build.0 = Debug|Any CPU
		{6310899E-E31A-48B8-973B-C716DAD4A608}.Release|Any CPU.ActiveCfg = Release|Any CPU
		{6310899E-E31A-48B8-973B-C716DAD4A608}.Release|Any CPU.Build.0 = Release|Any CPU
		{DF993680-CDCC-4DC0-9CF9-DB2F47FFB84C}.Debug|Any CPU.ActiveCfg = Debug|Any CPU
		{DF993680-CDCC-4DC0-9CF9-DB2F47FFB84C}.Debug|Any CPU.Build.0 = Debug|Any CPU
		{DF993680-CDCC-4DC0-9CF9-DB2F47FFB84C}.Release|Any CPU.ActiveCfg = Release|Any CPU
		{DF993680-CDCC-4DC0-9CF9-DB2F47FFB84C}.Release|Any CPU.Build.0 = Release|Any CPU
		{7D8D8B95-3345-4627-A0EA-2DEAAB1AA031}.Debug|Any CPU.ActiveCfg = Debug|Any CPU
		{7D8D8B95-3345-4627-A0EA-2DEAAB1AA031}.Debug|Any CPU.Build.0 = Debug|Any CPU
		{7D8D8B95-3345-4627-A0EA-2DEAAB1AA031}.Release|Any CPU.ActiveCfg = Release|Any CPU
		{7D8D8B95-3345-4627-A0EA-2DEAAB1AA031}.Release|Any CPU.Build.0 = Release|Any CPU
	EndGlobalSection
	GlobalSection(SolutionProperties) = preSolution
		HideSolutionNode = FALSE
	EndGlobalSection
	GlobalSection(NestedProjects) = preSolution
		{56CCE814-2A1E-4477-B27E-376990E810BC} = {8ABD7673-18A1-46B1-B3FD-4C30E3048324}
		{619877C0-0028-41E9-B392-82C18C0D3BD7} = {8ABD7673-18A1-46B1-B3FD-4C30E3048324}
		{A1A67BB1-E893-47DD-A35D-3ED29911461C} = {A77B2F31-C275-42A8-AFF7-26650F2224BB}
		{6310899E-E31A-48B8-973B-C716DAD4A608} = {56CCE814-2A1E-4477-B27E-376990E810BC}
		{DF993680-CDCC-4DC0-9CF9-DB2F47FFB84C} = {F5AFEAC3-CEAB-4B07-887F-729639B8D192}
		{7D8D8B95-3345-4627-A0EA-2DEAAB1AA031} = {3AF5060A-B13B-4895-82B2-8A3187771BC9}
	EndGlobalSection
EndGlobal
